
Microsoft Visual Studio Solution File, Format Version 12.00
# Visual Studio Version 16
VisualStudioVersion = 25.0.1700.0
MinimumVisualStudioVersion = 10.0.40219.1
Project("{FAE04EC0-301F-11D3-BF4B-00C04F79EFBC}") = "MemeGallery", "MemeGallery\MemeGallery.csproj", "{0309AA30-1248-42BD-A579-6B5E28D05FEF}"
EndProject
Project("{2150E333-8FDC-42A3-9474-1A3956D46DE8}") = "Solution Items", "Solution Items", "{DA1CF398-48B9-4E9F-861B-B9C2F9DFA73F}"
	ProjectSection(SolutionItems) = preProject
		.editorconfig = .editorconfig
	EndProjectSection
EndProject
Project("{FAE04EC0-301F-11D3-BF4B-00C04F79EFBC}") = "PandemicMeme", "..\PandemicMeme\PandemicMeme\PandemicMeme.csproj", "{3BD3250B-2B05-4776-A7B6-EF2E4202C76F}"
EndProject
Global
	GlobalSection(SolutionConfigurationPlatforms) = preSolution
		Debug|Any CPU = Debug|Any CPU
		Release|Any CPU = Release|Any CPU
	EndGlobalSection
	GlobalSection(ProjectConfigurationPlatforms) = postSolution
		{0309AA30-1248-42BD-A579-6B5E28D05FEF}.Debug|Any CPU.ActiveCfg = Debug|Any CPU
		{0309AA30-1248-42BD-A579-6B5E28D05FEF}.Debug|Any CPU.Build.0 = Debug|Any CPU
		{0309AA30-1248-42BD-A579-6B5E28D05FEF}.Release|Any CPU.ActiveCfg = Release|Any CPU
		{0309AA30-1248-42BD-A579-6B5E28D05FEF}.Release|Any CPU.Build.0 = Release|Any CPU
		{3BD3250B-2B05-4776-A7B6-EF2E4202C76F}.Debug|Any CPU.ActiveCfg = Debug|Any CPU
		{3BD3250B-2B05-4776-A7B6-EF2E4202C76F}.Debug|Any CPU.Build.0 = Debug|Any CPU
		{3BD3250B-2B05-4776-A7B6-EF2E4202C76F}.Release|Any CPU.ActiveCfg = Release|Any CPU
		{3BD3250B-2B05-4776-A7B6-EF2E4202C76F}.Release|Any CPU.Build.0 = Release|Any CPU
	EndGlobalSection
	GlobalSection(SolutionProperties) = preSolution
		HideSolutionNode = FALSE
	EndGlobalSection
	GlobalSection(ExtensibilityGlobals) = postSolution
		SolutionGuid = {11CDEEDA-FD75-4C29-8E1F-93E49EC4B896}
	EndGlobalSection
EndGlobal
